
Microsoft Visual Studio Solution File, Format Version 12.00
# Visual Studio Version 17
VisualStudioVersion = 17.9.34622.214
MinimumVisualStudioVersion = 10.0.40219.1
Project("{FAE04EC0-301F-11D3-BF4B-00C04F79EFBC}") = "CityGame", "CityGame\CityGame.csproj", "{909A59AD-52E7-4BC7-A5B4-BFDCC648E868}"
EndProject
Project("{FAE04EC0-301F-11D3-BF4B-00C04F79EFBC}") = "GameHost", "GameHost\GameHost.csproj", "{8F169841-09B0-4474-A2CA-EF76025C81C6}"
EndProject
Project("{FAE04EC0-301F-11D3-BF4B-00C04F79EFBC}") = "GameClient", "GameClient\GameClient.csproj", "{BFD9311B-CBCF-427F-87C4-929326A0F4FE}"
EndProject
Global
	GlobalSection(SolutionConfigurationPlatforms) = preSolution
		Debug|Any CPU = Debug|Any CPU
		Release|Any CPU = Release|Any CPU
	EndGlobalSection
	GlobalSection(ProjectConfigurationPlatforms) = postSolution
		{909A59AD-52E7-4BC7-A5B4-BFDCC648E868}.Debug|Any CPU.ActiveCfg = Debug|Any CPU
		{909A59AD-52E7-4BC7-A5B4-BFDCC648E868}.Debug|Any CPU.Build.0 = Debug|Any CPU
		{909A59AD-52E7-4BC7-A5B4-BFDCC648E868}.Release|Any CPU.ActiveCfg = Release|Any CPU
		{909A59AD-52E7-4BC7-A5B4-BFDCC648E868}.Release|Any CPU.Build.0 = Release|Any CPU
		{8F169841-09B0-4474-A2CA-EF76025C81C6}.Debug|Any CPU.ActiveCfg = Debug|Any CPU
		{8F169841-09B0-4474-A2CA-EF76025C81C6}.Debug|Any CPU.Build.0 = Debug|Any CPU
		{8F169841-09B0-4474-A2CA-EF76025C81C6}.Release|Any CPU.ActiveCfg = Release|Any CPU
		{8F169841-09B0-4474-A2CA-EF76025C81C6}.Release|Any CPU.Build.0 = Release|Any CPU
		{BFD9311B-CBCF-427F-87C4-929326A0F4FE}.Debug|Any CPU.ActiveCfg = Debug|Any CPU
		{BFD9311B-CBCF-427F-87C4-929326A0F4FE}.Debug|Any CPU.Build.0 = Debug|Any CPU
		{BFD9311B-CBCF-427F-87C4-929326A0F4FE}.Release|Any CPU.ActiveCfg = Release|Any CPU
		{BFD9311B-CBCF-427F-87C4-929326A0F4FE}.Release|Any CPU.Build.0 = Release|Any CPU
	EndGlobalSection
	GlobalSection(SolutionProperties) = preSolution
		HideSolutionNode = FALSE
	EndGlobalSection
	GlobalSection(ExtensibilityGlobals) = postSolution
		SolutionGuid = {4DF287C1-22B9-45F9-84F2-A0328D133DE2}
	EndGlobalSection
EndGlobal
